
Microsoft Visual Studio Solution File, Format Version 12.00
# Visual Studio Version 17
VisualStudioVersion = 17.7.34024.191
MinimumVisualStudioVersion = 10.0.40219.1
Project("{FAE04EC0-301F-11D3-BF4B-00C04F79EFBC}") = "YoutubeDownloaderWebApp", "YoutubeDownloaderWebApp\YoutubeDownloaderWebApp.csproj", "{8E560AED-0DDE-450F-AA90-3921483B1993}"
EndProject
Global
	GlobalSection(SolutionConfigurationPlatforms) = preSolution
		Debug|Any CPU = Debug|Any CPU
		Release|Any CPU = Release|Any CPU
	EndGlobalSection
	GlobalSection(ProjectConfigurationPlatforms) = postSolution
		{8E560AED-0DDE-450F-AA90-3921483B1993}.Debug|Any CPU.ActiveCfg = Debug|Any CPU
		{8E560AED-0DDE-450F-AA90-3921483B1993}.Debug|Any CPU.Build.0 = Debug|Any CPU
		{8E560AED-0DDE-450F-AA90-3921483B1993}.Release|Any CPU.ActiveCfg = Release|Any CPU
		{8E560AED-0DDE-450F-AA90-3921483B1993}.Release|Any CPU.Build.0 = Release|Any CPU
	EndGlobalSection
	GlobalSection(SolutionProperties) = preSolution
		HideSolutionNode = FALSE
	EndGlobalSection
	GlobalSection(ExtensibilityGlobals) = postSolution
		SolutionGuid = {F7EAE0B8-FE78-4985-8CB0-34E49D3041DD}
	EndGlobalSection
EndGlobal
